Microsoft Visual Studio Solution File, Format Version 12.00
# Visual Studio 2012
Project("{FAE04EC0-301F-11D3-BF4B-00C04F79EFBC}") = "Wall- E- Project", "Wall- E- Project.csproj", "{4CAE8A53-5711-45B8-B7DD-9C6B43854324}"
EndProject
Global
	GlobalSection(SolutionConfigurationPlatforms) = preSolution
	Debug|Any CPU = Debug|Any CPU
	ExportDebug|Any CPU = ExportDebug|Any CPU
	ExportRelease|Any CPU = ExportRelease|Any CPU
	EndGlobalSection
	GlobalSection(ProjectConfigurationPlatforms) = postSolution
		{4CAE8A53-5711-45B8-B7DD-9C6B43854324}.Debug|Any CPU.ActiveCfg = Debug|Any CPU
		{4CAE8A53-5711-45B8-B7DD-9C6B43854324}.Debug|Any CPU.Build.0 = Debug|Any CPU
		{4CAE8A53-5711-45B8-B7DD-9C6B43854324}.ExportDebug|Any CPU.ActiveCfg = ExportDebug|Any CPU
		{4CAE8A53-5711-45B8-B7DD-9C6B43854324}.ExportDebug|Any CPU.Build.0 = ExportDebug|Any CPU
		{4CAE8A53-5711-45B8-B7DD-9C6B43854324}.ExportRelease|Any CPU.ActiveCfg = ExportRelease|Any CPU
		{4CAE8A53-5711-45B8-B7DD-9C6B43854324}.ExportRelease|Any CPU.Build.0 = ExportRelease|Any CPU
	EndGlobalSection
EndGlobal
