
Microsoft Visual Studio Solution File, Format Version 12.00
# Visual Studio Version 17
VisualStudioVersion = 17.5.002.0
MinimumVisualStudioVersion = 10.0.40219.1
Project("{9A19103F-16F7-4668-BE54-9A1E7A4F7556}") = "Backend", "Backend.csproj", "{BF9C9E7A-7854-47DC-9C98-6C1FD2134CBC}"
EndProject
Global
	GlobalSection(SolutionConfigurationPlatforms) = preSolution
		Debug|Any CPU = Debug|Any CPU
		Release|Any CPU = Release|Any CPU
	EndGlobalSection
	GlobalSection(ProjectConfigurationPlatforms) = postSolution
		{BF9C9E7A-7854-47DC-9C98-6C1FD2134CBC}.Debug|Any CPU.ActiveCfg = Debug|Any CPU
		{BF9C9E7A-7854-47DC-9C98-6C1FD2134CBC}.Debug|Any CPU.Build.0 = Debug|Any CPU
		{BF9C9E7A-7854-47DC-9C98-6C1FD2134CBC}.Release|Any CPU.ActiveCfg = Release|Any CPU
		{BF9C9E7A-7854-47DC-9C98-6C1FD2134CBC}.Release|Any CPU.Build.0 = Release|Any CPU
	EndGlobalSection
	GlobalSection(SolutionProperties) = preSolution
		HideSolutionNode = FALSE
	EndGlobalSection
	GlobalSection(ExtensibilityGlobals) = postSolution
		SolutionGuid = {870A8667-7D3E-4250-A67F-41EE2822D67A}
	EndGlobalSection
EndGlobal
